{
  "name": "agent-tokenwatch",
  "version": "0.1.0",
  "lockfileVersion": 3,
  "requires": true,
  "packages": {
    "": {
      "name": "agent-tokenwatch",
      "version": "0.1.0",
      "license": "MIT",
      "bin": {
        "tokenwatch": "bin/tokenwatch.mjs",
        "tokenwatch-codex": "bin/tokenwatch-codex.mjs"
      },
      "engines": {
        "node": ">=20"
      }
    }
  }
}
